// !$*UTF8*$!
{
	archiveVersion = 1;
	classes = {
	};
	objectVersion = 77;
	objects = {

/* Begin PBXBuildFile section */
		499083F1B31329BF85772CED /* Domain in Frameworks */ = {isa = PBXBuildFile; productRef = 8F31A6E7DFCB09533E350E3B /* Domain */; };
		93023F84C450E96B8D515E74 /* Data in Frameworks */ = {isa = PBXBuildFile; productRef = B09DD62F5AF6B7DA742A2B40 /* Data */; };
		E43305D6336B62564A0FFDF9 /* APIClient in Frameworks */ = {isa = PBXBuildFile; productRef = 8532D4634A45F2D64CACD75C /* APIClient */; };
		5E453A0647F0C5797E7C17B6 /* Features in Frameworks */ = {isa = PBXBuildFile; productRef = 57EE683B512D8DAEFEBD13DD /* Features */; };
/* End PBXBuildFile section */

/* Begin PBXFileReference section */
		996AD237BC284D463E664FFE /* Splits.app */ = {isa = PBXFileReference; explicitFileType = wrapper.application; includeInIndex = 0; path = Splits.app; sourceTree = BUILT_PRODUCTS_DIR; };
		5AECFC649510CB0C29DFDC86 /* Domain */ = {isa = PBXFileReference; lastKnownFileType = wrapper; path = Domain; sourceTree = "<group>"; };
		3F9151611323BA6B35F892B2 /* Data */ = {isa = PBXFileReference; lastKnownFileType = wrapper; path = Data; sourceTree = "<group>"; };
		2E6363045557E454683187D2 /* Infrastructure */ = {isa = PBXFileReference; lastKnownFileType = wrapper; path = Infrastructure; sourceTree = "<group>"; };
		9791045B2F919B6BD7638F1B /* Presentation */ = {isa = PBXFileReference; lastKnownFileType = wrapper; path = Presentation; sourceTree = "<group>"; };
/* End PBXFileReference section */

/* Begin PBXFileSystemSynchronizedRootGroup section */
		1DF509D002AA4AC4809CDF26 /* SplitsApp */ = {
			isa = PBXFileSystemSynchronizedRootGroup;
			path = SplitsApp;
			sourceTree = "<group>";
		};
/* End PBXFileSystemSynchronizedRootGroup section */

/* Begin PBXFrameworksBuildPhase section */
		4FCBC29864E7C7752B7E193F /* Frameworks */ = {
			isa = PBXFrameworksBuildPhase;
			buildActionMask = 2147483647;
			files = (
				499083F1B31329BF85772CED /* Domain in Frameworks */,
				93023F84C450E96B8D515E74 /* Data in Frameworks */,
				E43305D6336B62564A0FFDF9 /* APIClient in Frameworks */,
				5E453A0647F0C5797E7C17B6 /* Features in Frameworks */,
			);
			runOnlyForDeploymentPostprocessing = 0;
		};
/* End PBXFrameworksBuildPhase section */

/* Begin PBXGroup section */
		2B731CEFC6751AAE0EC69B98 = {
			isa = PBXGroup;
			children = (
				1DF509D002AA4AC4809CDF26 /* SplitsApp */,
				F758B95EA811C07A1426482F /* Packages */,
				86024CAD1E83101D97359D73 /* Products */,
			);
			sourceTree = "<group>";
		};
		F758B95EA811C07A1426482F /* Packages */ = {
			isa = PBXGroup;
			children = (
				5AECFC649510CB0C29DFDC86 /* Domain */,
				3F9151611323BA6B35F892B2 /* Data */,
				2E6363045557E454683187D2 /* Infrastructure */,
				9791045B2F919B6BD7638F1B /* Presentation */,
			);
			path = Packages;
			sourceTree = "<group>";
		};
		86024CAD1E83101D97359D73 /* Products */ = {
			isa = PBXGroup;
			children = (
				996AD237BC284D463E664FFE /* Splits.app */,
			);
			name = Products;
			sourceTree = "<group>";
		};
/* End PBXGroup section */

/* Begin PBXNativeTarget section */
		F01C2E624E08A72BC055B46F /* SplitsApp */ = {
			isa = PBXNativeTarget;
			buildConfigurationList = 449CDAD090025738145986EB /* Build configuration list for PBXNativeTarget "SplitsApp" */;
			buildPhases = (
				C197A1D4E0DE673615AC32CB /* Sources */,
				4FCBC29864E7C7752B7E193F /* Frameworks */,
				8A6A452CEE30B0908A47D41D /* Resources */,
			);
			buildRules = (
			);
			dependencies = (
			);
			fileSystemSynchronizedGroups = (
				1DF509D002AA4AC4809CDF26 /* SplitsApp */,
			);
			name = SplitsApp;
			packageProductDependencies = (
				8F31A6E7DFCB09533E350E3B /* Domain */,
				B09DD62F5AF6B7DA742A2B40 /* Data */,
				8532D4634A45F2D64CACD75C /* APIClient */,
				57EE683B512D8DAEFEBD13DD /* Features */,
			);
			productName = Splits;
			productReference = 996AD237BC284D463E664FFE /* Splits.app */;
			productType = "com.apple.product-type.application";
		};
/* End PBXNativeTarget section */

/* Begin PBXProject section */
		46F86FAA6BBF9AC94A7E4595 /* Project object */ = {
			isa = PBXProject;
			attributes = {
				BuildIndependentTargetsInParallel = 1;
				LastSwiftUpdateCheck = 2700;
				LastUpgradeCheck = 2700;
				TargetAttributes = {
					F01C2E624E08A72BC055B46F = {
						CreatedOnToolsVersion = 27.0;
					};
				};
			};
			buildConfigurationList = CE36D6306C17890370B358E3 /* Build configuration list for PBXProject "Splits" */;
			developmentRegion = en;
			hasScannedForEncodings = 0;
			knownRegions = (
				en,
				Base,
			);
			mainGroup = 2B731CEFC6751AAE0EC69B98;
			minimizedProjectReferenceProxies = 1;
			packageReferences = (
				5F4D8462A41B71883912FB10 /* XCLocalSwiftPackageReference "Packages/Domain" */,
				8DDDD2132BBAC663E6E6C435 /* XCLocalSwiftPackageReference "Packages/Data" */,
				BD006E8D8CC0A4C2D2148BAE /* XCLocalSwiftPackageReference "Packages/Infrastructure" */,
				2643D1A43100181C43570126 /* XCLocalSwiftPackageReference "Packages/Presentation" */,
			);
			preferredProjectObjectVersion = 77;
			productRefGroup = 86024CAD1E83101D97359D73 /* Products */;
			projectDirPath = "";
			projectRoot = "";
			targets = (
				F01C2E624E08A72BC055B46F /* SplitsApp */,
			);
		};
/* End PBXProject section */

/* Begin PBXResourcesBuildPhase section */
		8A6A452CEE30B0908A47D41D /* Resources */ = {
			isa = PBXResourcesBuildPhase;
			buildActionMask = 2147483647;
			files = (
			);
			runOnlyForDeploymentPostprocessing = 0;
		};
/* End PBXResourcesBuildPhase section */

/* Begin PBXSourcesBuildPhase section */
		C197A1D4E0DE673615AC32CB /* Sources */ = {
			isa = PBXSourcesBuildPhase;
			buildActionMask = 2147483647;
			files = (
			);
			runOnlyForDeploymentPostprocessing = 0;
		};
/* End PBXSourcesBuildPhase section */

/* Begin XCBuildConfiguration section */
		39449EDF7B151AF1BDA56BF2 /* Debug */ = {
			isa = XCBuildConfiguration;
			buildSettings = {
				ALWAYS_SEARCH_USER_PATHS = NO;
				CLANG_ENABLE_MODULES = YES;
				CLANG_ENABLE_OBJC_ARC = YES;
				DEBUG_INFORMATION_FORMAT = dwarf;
				ENABLE_STRICT_OBJC_MSGSEND = YES;
				ENABLE_TESTABILITY = YES;
				ENABLE_USER_SCRIPT_SANDBOXING = YES;
				GCC_NO_COMMON_BLOCKS = YES;
				GCC_OPTIMIZATION_LEVEL = 0;
				IPHONEOS_DEPLOYMENT_TARGET = 26.0;
				LOCALIZATION_PREFERS_STRING_CATALOGS = YES;
				ONLY_ACTIVE_ARCH = YES;
				SDKROOT = iphoneos;
				SWIFT_ACTIVE_COMPILATION_CONDITIONS = "DEBUG $(inherited)";
				SWIFT_APPROACHABLE_CONCURRENCY = YES;
				SWIFT_EMIT_LOC_STRINGS = YES;
				SWIFT_OPTIMIZATION_LEVEL = "-Onone";
				SWIFT_STRICT_CONCURRENCY = complete;
				SWIFT_VERSION = 6.0;
			};
			name = Debug;
		};
		453FF012BC101FA2B9706FEF /* Release */ = {
			isa = XCBuildConfiguration;
			buildSettings = {
				ALWAYS_SEARCH_USER_PATHS = NO;
				CLANG_ENABLE_MODULES = YES;
				CLANG_ENABLE_OBJC_ARC = YES;
				DEBUG_INFORMATION_FORMAT = "dwarf-with-dsym";
				ENABLE_STRICT_OBJC_MSGSEND = YES;
				ENABLE_USER_SCRIPT_SANDBOXING = YES;
				GCC_NO_COMMON_BLOCKS = YES;
				IPHONEOS_DEPLOYMENT_TARGET = 26.0;
				LOCALIZATION_PREFERS_STRING_CATALOGS = YES;
				SDKROOT = iphoneos;
				SWIFT_APPROACHABLE_CONCURRENCY = YES;
				SWIFT_COMPILATION_MODE = wholemodule;
				SWIFT_EMIT_LOC_STRINGS = YES;
				SWIFT_STRICT_CONCURRENCY = complete;
				SWIFT_VERSION = 6.0;
				VALIDATE_PRODUCT = YES;
			};
			name = Release;
		};
		278C5A3EB8F05FE39E171C50 /* Debug */ = {
			isa = XCBuildConfiguration;
			buildSettings = {
				CODE_SIGN_STYLE = Automatic;
				CURRENT_PROJECT_VERSION = 1;
				GENERATE_INFOPLIST_FILE = YES;
				INFOPLIST_FILE = Config/Info-Debug.plist;
				INFOPLIST_KEY_CFBundleDisplayName = Splits;
				INFOPLIST_KEY_UIApplicationSceneManifest_Generation = YES;
				INFOPLIST_KEY_UILaunchScreen_Generation = YES;
				INFOPLIST_KEY_UISupportedInterfaceOrientations = UIInterfaceOrientationPortrait;
				LD_RUNPATH_SEARCH_PATHS = (
					"$(inherited)",
					"@executable_path/Frameworks",
				);
				MARKETING_VERSION = 0.1.0;
				PRODUCT_BUNDLE_IDENTIFIER = dev.splits.Splits;
				PRODUCT_NAME = Splits;
				SPLITS_API_BASE_URL = "http://localhost:8080";
				SWIFT_EMIT_LOC_STRINGS = YES;
				TARGETED_DEVICE_FAMILY = 1;
			};
			name = Debug;
		};
		1AD3193D2AA82BB342AF9019 /* Release */ = {
			isa = XCBuildConfiguration;
			buildSettings = {
				CODE_SIGN_STYLE = Automatic;
				CURRENT_PROJECT_VERSION = 1;
				GENERATE_INFOPLIST_FILE = YES;
				INFOPLIST_FILE = Config/Info-Release.plist;
				INFOPLIST_KEY_CFBundleDisplayName = Splits;
				INFOPLIST_KEY_UIApplicationSceneManifest_Generation = YES;
				INFOPLIST_KEY_UILaunchScreen_Generation = YES;
				INFOPLIST_KEY_UISupportedInterfaceOrientations = UIInterfaceOrientationPortrait;
				LD_RUNPATH_SEARCH_PATHS = (
					"$(inherited)",
					"@executable_path/Frameworks",
				);
				MARKETING_VERSION = 0.1.0;
				PRODUCT_BUNDLE_IDENTIFIER = dev.splits.Splits;
				PRODUCT_NAME = Splits;
				SPLITS_API_BASE_URL = "https://api.splits.invalid";
				SWIFT_EMIT_LOC_STRINGS = YES;
				TARGETED_DEVICE_FAMILY = 1;
			};
			name = Release;
		};
/* End XCBuildConfiguration section */

/* Begin XCConfigurationList section */
		CE36D6306C17890370B358E3 /* Build configuration list for PBXProject "Splits" */ = {
			isa = XCConfigurationList;
			buildConfigurations = (
				39449EDF7B151AF1BDA56BF2 /* Debug */,
				453FF012BC101FA2B9706FEF /* Release */,
			);
			defaultConfigurationIsVisible = 0;
			defaultConfigurationName = Release;
		};
		449CDAD090025738145986EB /* Build configuration list for PBXNativeTarget "SplitsApp" */ = {
			isa = XCConfigurationList;
			buildConfigurations = (
				278C5A3EB8F05FE39E171C50 /* Debug */,
				1AD3193D2AA82BB342AF9019 /* Release */,
			);
			defaultConfigurationIsVisible = 0;
			defaultConfigurationName = Release;
		};
/* End XCConfigurationList section */

/* Begin XCLocalSwiftPackageReference section */
		5F4D8462A41B71883912FB10 /* XCLocalSwiftPackageReference "Packages/Domain" */ = {
			isa = XCLocalSwiftPackageReference;
			relativePath = Packages/Domain;
		};
		8DDDD2132BBAC663E6E6C435 /* XCLocalSwiftPackageReference "Packages/Data" */ = {
			isa = XCLocalSwiftPackageReference;
			relativePath = Packages/Data;
		};
		BD006E8D8CC0A4C2D2148BAE /* XCLocalSwiftPackageReference "Packages/Infrastructure" */ = {
			isa = XCLocalSwiftPackageReference;
			relativePath = Packages/Infrastructure;
		};
		2643D1A43100181C43570126 /* XCLocalSwiftPackageReference "Packages/Presentation" */ = {
			isa = XCLocalSwiftPackageReference;
			relativePath = Packages/Presentation;
		};
/* End XCLocalSwiftPackageReference section */

/* Begin XCSwiftPackageProductDependency section */
		8F31A6E7DFCB09533E350E3B /* Domain */ = {
			isa = XCSwiftPackageProductDependency;
			package = 5F4D8462A41B71883912FB10 /* XCLocalSwiftPackageReference "Packages/Domain" */;
			productName = Domain;
		};
		B09DD62F5AF6B7DA742A2B40 /* Data */ = {
			isa = XCSwiftPackageProductDependency;
			package = 8DDDD2132BBAC663E6E6C435 /* XCLocalSwiftPackageReference "Packages/Data" */;
			productName = Data;
		};
		8532D4634A45F2D64CACD75C /* APIClient */ = {
			isa = XCSwiftPackageProductDependency;
			package = BD006E8D8CC0A4C2D2148BAE /* XCLocalSwiftPackageReference "Packages/Infrastructure" */;
			productName = APIClient;
		};
		57EE683B512D8DAEFEBD13DD /* Features */ = {
			isa = XCSwiftPackageProductDependency;
			package = 2643D1A43100181C43570126 /* XCLocalSwiftPackageReference "Packages/Presentation" */;
			productName = Features;
		};
/* End XCSwiftPackageProductDependency section */
	};
	rootObject = 46F86FAA6BBF9AC94A7E4595 /* Project object */;
}
